
Microsoft Visual Studio Solution File, Format Version 12.00
# Visual Studio Version 17
VisualStudioVersion = 17.7.34031.279
MinimumVisualStudioVersion = 10.0.40219.1
Project("{FAE04EC0-301F-11D3-BF4B-00C04F79EFBC}") = "Desklite", "Desklite.csproj", "{66B8368B-71CB-41E1-983F-3B4957C9787F}"
EndProject
Global
	GlobalSection(SolutionConfigurationPlatforms) = preSolution
		Debug|Any CPU = Debug|Any CPU
		Release|Any CPU = Release|Any CPU
	EndGlobalSection
	GlobalSection(ProjectConfigurationPlatforms) = postSolution
		{66B8368B-71CB-41E1-983F-3B4957C9787F}.Debug|Any CPU.ActiveCfg = Debug|Any CPU
		{66B8368B-71CB-41E1-983F-3B4957C9787F}.Debug|Any CPU.Build.0 = Debug|Any CPU
		{66B8368B-71CB-41E1-983F-3B4957C9787F}.Release|Any CPU.ActiveCfg = Release|Any CPU
		{66B8368B-71CB-41E1-983F-3B4957C9787F}.Release|Any CPU.Build.0 = Release|Any CPU
	EndGlobalSection
	GlobalSection(SolutionProperties) = preSolution
		HideSolutionNode = FALSE
	EndGlobalSection
	GlobalSection(ExtensibilityGlobals) = postSolution
		SolutionGuid = {57C56FE0-D227-47FF-B33C-FD5D501FDA3C}
	EndGlobalSection
EndGlobal
